<?xml version="1.0" encoding="utf-8"?>
<Project ToolsVersion="4.0" xmlns="http://schemas.microsoft.com/developer/msbuild/2003">
  <ItemGroup>
    <Filter Include="Source Files">
      <UniqueIdentifier>{4FC737F1-C7A5-4376-A066-2A32D752A2FF}</UniqueIdentifier>
      <Extensions>cpp;c;cc;cxx;def;odl;idl;hpj;bat;asm;asmx</Extensions>
    </Filter>
    <Filter Include="Header Files">
      <UniqueIdentifier>{93995380-89BD-4b04-88EB-625FBE52EBFB}</UniqueIdentifier>
      <Extensions>h;hh;hpp;hxx;hm;inl;inc;xsd</Extensions>
    </Filter>
    <Filter Include="Resource Files">
      <UniqueIdentifier>{67DA6AB6-F800-4c08-8B7A-83BB121AAD01}</UniqueIdentifier>
      <Extensions>rc;ico;cur;bmp;dlg;rc2;rct;bin;rgs;gif;jpg;jpeg;jpe;resx;tiff;tif;png;wav;mfcribbon-ms</Extensions>
    </Filter>
  </ItemGroup>
  <ItemGroup>
    <ClCompile Include="main.cpp">
      <Filter>Source Files</Filter>
    </ClCompile>
    <ClCompile Include="Kisi.cpp">
      <Filter>Source Files</Filter>
    </ClCompile>
    <ClCompile Include="Ogrenci.cpp">
      <Filter>Source Files</Filter>
    </ClCompile>
    <ClCompile Include="Ogretmen.cpp">
      <Filter>Source Files</Filter>
    </ClCompile>
    <ClCompile Include="Ders.cpp">
      <Filter>Source Files</Filter>
    </ClCompile>
    <ClCompile Include="Matematik.cpp">
      <Filter>Source Files</Filter>
    </ClCompile>
    <ClCompile Include="Fizik.cpp">
      <Filter>Source Files</Filter>
    </ClCompile>
    <ClCompile Include="Tarih.cpp">
      <Filter>Source Files</Filter>
    </ClCompile>
    <ClCompile Include="DonmusGida.cpp">
      <Filter>Source Files</Filter>
    </ClCompile>
    <ClCompile Include="DonmusPiza.cpp">
      <Filter>Source Files</Filter>
    </ClCompile>
    <ClCompile Include="VoidVector.cpp">
      <Filter>Source Files</Filter>
    </ClCompile>
    <ClCompile Include="ComplexOl.cpp">
      <Filter>Source Files</Filter>
    </ClCompile>
    <ClCompile Include="TemplateClass.cpp">
      <Filter>Source Files</Filter>
    </ClCompile>
    <ClCompile Include="NameSpaceTest.cpp">
      <Filter>Source Files</Filter>
    </ClCompile>
    <ClCompile Include="FunctionTemplateC.cpp">
      <Filter>Source Files</Filter>
    </ClCompile>
  </ItemGroup>
  <ItemGroup>
    <ClInclude Include="Kisi.h">
      <Filter>Header Files</Filter>
    </ClInclude>
    <ClInclude Include="Ogrenci.h">
      <Filter>Header Files</Filter>
    </ClInclude>
    <ClInclude Include="Ogretmen.h">
      <Filter>Header Files</Filter>
    </ClInclude>
    <ClInclude Include="Ders.h">
      <Filter>Header Files</Filter>
    </ClInclude>
    <ClInclude Include="Matematik.h">
      <Filter>Header Files</Filter>
    </ClInclude>
    <ClInclude Include="Fizik.h">
      <Filter>Header Files</Filter>
    </ClInclude>
    <ClInclude Include="Tarih.h">
      <Filter>Header Files</Filter>
    </ClInclude>
    <ClInclude Include="DonmusGida.h">
      <Filter>Header Files</Filter>
    </ClInclude>
    <ClInclude Include="DonmusPiza.h">
      <Filter>Header Files</Filter>
    </ClInclude>
    <ClInclude Include="VoidVector.h">
      <Filter>Header Files</Filter>
    </ClInclude>
    <ClInclude Include="main.h">
      <Filter>Header Files</Filter>
    </ClInclude>
    <ClInclude Include="ComplexOl.h">
      <Filter>Header Files</Filter>
    </ClInclude>
    <ClInclude Include="TemplateClass.h">
      <Filter>Header Files</Filter>
    </ClInclude>
    <ClInclude Include="NameSpaceTest.h">
      <Filter>Header Files</Filter>
    </ClInclude>
    <ClInclude Include="FunctionTemplateC.h">
      <Filter>Header Files</Filter>
    </ClInclude>
  </ItemGroup>
</Project>